
Microsoft Visual Studio Solution File, Format Version 12.00
# Visual Studio 15
VisualStudioVersion = 15.0.27703.2026
MinimumVisualStudioVersion = 10.0.40219.1
Project("{FAE04EC0-301F-11D3-BF4B-00C04F79EFBC}") = "BowlingChallenge", "BowlingChallenge\BowlingChallenge.csproj", "{2B6F4066-4366-46AF-A6FC-45E7F0A28383}"
EndProject
Global
	GlobalSection(SolutionConfigurationPlatforms) = preSolution
		Debug|Any CPU = Debug|Any CPU
		Release|Any CPU = Release|Any CPU
	EndGlobalSection
	GlobalSection(ProjectConfigurationPlatforms) = postSolution
		{2B6F4066-4366-46AF-A6FC-45E7F0A28383}.Debug|Any CPU.ActiveCfg = Debug|Any CPU
		{2B6F4066-4366-46AF-A6FC-45E7F0A28383}.Debug|Any CPU.Build.0 = Debug|Any CPU
		{2B6F4066-4366-46AF-A6FC-45E7F0A28383}.Release|Any CPU.ActiveCfg = Release|Any CPU
		{2B6F4066-4366-46AF-A6FC-45E7F0A28383}.Release|Any CPU.Build.0 = Release|Any CPU
	EndGlobalSection
	GlobalSection(SolutionProperties) = preSolution
		HideSolutionNode = FALSE
	EndGlobalSection
	GlobalSection(ExtensibilityGlobals) = postSolution
		SolutionGuid = {BACFF81F-96A4-4750-8B6A-7050F8CD1172}
	EndGlobalSection
EndGlobal
